
Microsoft Visual Studio Solution File, Format Version 12.00
# Visual Studio Version 17
VisualStudioVersion = 17.3.32922.545
MinimumVisualStudioVersion = 10.0.40219.1
Project("{FAE04EC0-301F-11D3-BF4B-00C04F79EFBC}") = "ArrayTests", "ArrayTests\ArrayTests.csproj", "{89FF5656-EF55-4AD6-AEB9-D22FF1154CCD}"
EndProject
Project("{FAE04EC0-301F-11D3-BF4B-00C04F79EFBC}") = "Array", "Array\Array.csproj", "{BB45BCF8-AE45-4902-9F4C-24B9341E82DF}"
EndProject
Project("{FAE04EC0-301F-11D3-BF4B-00C04F79EFBC}") = "ArrayConsoleApp", "ArrayConsoleApp\ArrayConsoleApp.csproj", "{0E209D44-1C4A-4B16-AE55-060A72997EE5}"
EndProject
Global
	GlobalSection(SolutionConfigurationPlatforms) = preSolution
		Debug|Any CPU = Debug|Any CPU
		Release|Any CPU = Release|Any CPU
	EndGlobalSection
	GlobalSection(ProjectConfigurationPlatforms) = postSolution
		{89FF5656-EF55-4AD6-AEB9-D22FF1154CCD}.Debug|Any CPU.ActiveCfg = Debug|Any CPU
		{89FF5656-EF55-4AD6-AEB9-D22FF1154CCD}.Debug|Any CPU.Build.0 = Debug|Any CPU
		{89FF5656-EF55-4AD6-AEB9-D22FF1154CCD}.Release|Any CPU.ActiveCfg = Release|Any CPU
		{89FF5656-EF55-4AD6-AEB9-D22FF1154CCD}.Release|Any CPU.Build.0 = Release|Any CPU
		{BB45BCF8-AE45-4902-9F4C-24B9341E82DF}.Debug|Any CPU.ActiveCfg = Debug|Any CPU
		{BB45BCF8-AE45-4902-9F4C-24B9341E82DF}.Debug|Any CPU.Build.0 = Debug|Any CPU
		{BB45BCF8-AE45-4902-9F4C-24B9341E82DF}.Release|Any CPU.ActiveCfg = Release|Any CPU
		{BB45BCF8-AE45-4902-9F4C-24B9341E82DF}.Release|Any CPU.Build.0 = Release|Any CPU
		{0E209D44-1C4A-4B16-AE55-060A72997EE5}.Debug|Any CPU.ActiveCfg = Debug|Any CPU
		{0E209D44-1C4A-4B16-AE55-060A72997EE5}.Debug|Any CPU.Build.0 = Debug|Any CPU
		{0E209D44-1C4A-4B16-AE55-060A72997EE5}.Release|Any CPU.ActiveCfg = Release|Any CPU
		{0E209D44-1C4A-4B16-AE55-060A72997EE5}.Release|Any CPU.Build.0 = Release|Any CPU
	EndGlobalSection
	GlobalSection(SolutionProperties) = preSolution
		HideSolutionNode = FALSE
	EndGlobalSection
	GlobalSection(ExtensibilityGlobals) = postSolution
		SolutionGuid = {E621816C-078A-4879-AC2A-B0C4C1F069D9}
	EndGlobalSection
EndGlobal
